
Microsoft Visual Studio Solution File, Format Version 12.00
# Visual Studio Version 16
VisualStudioVersion = 16.0.33423.256
MinimumVisualStudioVersion = 10.0.40219.1
Project("{FAE04EC0-301F-11D3-BF4B-00C04F79EFBC}") = "API", "API\API.csproj", "{00479673-1910-4C53-8B18-D7939F1EDA28}"
EndProject
Project("{FAE04EC0-301F-11D3-BF4B-00C04F79EFBC}") = "Core", "Core\Core.csproj", "{BD4E56BA-5977-4AC2-8865-BBEA89AB3940}"
EndProject
Project("{FAE04EC0-301F-11D3-BF4B-00C04F79EFBC}") = "Infrastructure", "Infrastructure\Infrastructure.csproj", "{0DA3506A-57F4-4045-9BE3-6CCDF69DE013}"
EndProject
Global
	GlobalSection(SolutionConfigurationPlatforms) = preSolution
		Debug|Any CPU = Debug|Any CPU
		Release|Any CPU = Release|Any CPU
	EndGlobalSection
	GlobalSection(ProjectConfigurationPlatforms) = postSolution
		{00479673-1910-4C53-8B18-D7939F1EDA28}.Debug|Any CPU.ActiveCfg = Debug|Any CPU
		{00479673-1910-4C53-8B18-D7939F1EDA28}.Debug|Any CPU.Build.0 = Debug|Any CPU
		{00479673-1910-4C53-8B18-D7939F1EDA28}.Release|Any CPU.ActiveCfg = Release|Any CPU
		{00479673-1910-4C53-8B18-D7939F1EDA28}.Release|Any CPU.Build.0 = Release|Any CPU
		{BD4E56BA-5977-4AC2-8865-BBEA89AB3940}.Debug|Any CPU.ActiveCfg = Debug|Any CPU
		{BD4E56BA-5977-4AC2-8865-BBEA89AB3940}.Debug|Any CPU.Build.0 = Debug|Any CPU
		{BD4E56BA-5977-4AC2-8865-BBEA89AB3940}.Release|Any CPU.ActiveCfg = Release|Any CPU
		{BD4E56BA-5977-4AC2-8865-BBEA89AB3940}.Release|Any CPU.Build.0 = Release|Any CPU
		{0DA3506A-57F4-4045-9BE3-6CCDF69DE013}.Debug|Any CPU.ActiveCfg = Debug|Any CPU
		{0DA3506A-57F4-4045-9BE3-6CCDF69DE013}.Debug|Any CPU.Build.0 = Debug|Any CPU
		{0DA3506A-57F4-4045-9BE3-6CCDF69DE013}.Release|Any CPU.ActiveCfg = Release|Any CPU
		{0DA3506A-57F4-4045-9BE3-6CCDF69DE013}.Release|Any CPU.Build.0 = Release|Any CPU
	EndGlobalSection
	GlobalSection(SolutionProperties) = preSolution
		HideSolutionNode = FALSE
	EndGlobalSection
	GlobalSection(ExtensibilityGlobals) = postSolution
		SolutionGuid = {25108EED-1B18-4FE4-B7FD-78627D389F70}
	EndGlobalSection
EndGlobal
